// !$*UTF8*$!
{
	archiveVersion = 1;
	classes = {
	};
	objectVersion = 55;
	objects = {

/* Begin PBXBuildFile section */
		EA546B7F27A57F7900CA1E56 /* AppDelegate.swift in Sources */ = {isa = PBXBuildFile; fileRef = EA546B7E27A57F7900CA1E56 /* AppDelegate.swift */; };
		EA546B8127A57F7900CA1E56 /* SceneDelegate.swift in Sources */ = {isa = PBXBuildFile; fileRef = EA546B8027A57F7900CA1E56 /* SceneDelegate.swift */; };
		EA546B8327A57F7900CA1E56 /* ViewController.swift in Sources */ = {isa = PBXBuildFile; fileRef = EA546B8227A57F7900CA1E56 /* ViewController.swift */; };
		EA546B8627A57F7900CA1E56 /* Main.storyboard in Resources */ = {isa = PBXBuildFile; fileRef = EA546B8427A57F7900CA1E56 /* Main.storyboard */; };
		EA546B8827A57F7B00CA1E56 /* Assets.xcassets in Resources */ = {isa = PBXBuildFile; fileRef = EA546B8727A57F7B00CA1E56 /* Assets.xcassets */; };
		EA546B8B27A57F7B00CA1E56 /* LaunchScreen.storyboard in Resources */ = {isa = PBXBuildFile; fileRef = EA546B8927A57F7B00CA1E56 /* LaunchScreen.storyboard */; };
		EA546B9627A57F7B00CA1E56 /* GitAppTests.swift in Sources */ = {isa = PBXBuildFile; fileRef = EA546B9527A57F7B00CA1E56 /* GitAppTests.swift */; };
		EA546BA027A57F7B00CA1E56 /* GitAppUITests.swift in Sources */ = {isa = PBXBuildFile; fileRef = EA546B9F27A57F7B00CA1E56 /* GitAppUITests.swift */; };
		EA546BA227A57F7B00CA1E56 /* GitAppUITestsLaunchTests.swift in Sources */ = {isa = PBXBuildFile; fileRef = EA546BA127A57F7B00CA1E56 /* GitAppUITestsLaunchTests.swift */; };
/* End PBXBuildFile section */

/* Begin PBXContainerItemProxy section */
		EA546B9227A57F7B00CA1E56 /* PBXContainerItemProxy */ = {
			isa = PBXContainerItemProxy;
			containerPortal = EA546B7327A57F7900CA1E56 /* Project object */;
			proxyType = 1;
			remoteGlobalIDString = EA546B7A27A57F7900CA1E56;
			remoteInfo = GitApp;
		};
		EA546B9C27A57F7B00CA1E56 /* PBXContainerItemProxy */ = {
			isa = PBXContainerItemProxy;
			containerPortal = EA546B7327A57F7900CA1E56 /* Project object */;
			proxyType = 1;
			remoteGlobalIDString = EA546B7A27A57F7900CA1E56;
			remoteInfo = GitApp;
		};
/* End PBXContainerItemProxy section */

/* Begin PBXFileReference section */
		EA546B7B27A57F7900CA1E56 /* GitApp.app */ = {isa = PBXFileReference; explicitFileType = wrapper.application; includeInIndex = 0; path = GitApp.app; sourceTree = BUILT_PRODUCTS_DIR; };
		EA546B7E27A57F7900CA1E56 /* AppDelegate.swift */ = {isa = PBXFileReference; lastKnownFileType = sourcecode.swift; path = AppDelegate.swift; sourceTree = "<group>"; };
		EA546B8027A57F7900CA1E56 /* SceneDelegate.swift */ = {isa = PBXFileReference; lastKnownFileType = sourcecode.swift; path = SceneDelegate.swift; sourceTree = "<group>"; };
		EA546B8227A57F7900CA1E56 /* ViewController.swift */ = {isa = PBXFileReference; lastKnownFileType = sourcecode.swift; path = ViewController.swift; sourceTree = "<group>"; };
		EA546B8527A57F7900CA1E56 /* Base */ = {isa = PBXFileReference; lastKnownFileType = file.storyboard; name = Base; path = Base.lproj/Main.storyboard; sourceTree = "<group>"; };
		EA546B8727A57F7B00CA1E56 /* Assets.xcassets */ = {isa = PBXFileReference; lastKnownFileType = folder.assetcatalog; path = Assets.xcassets; sourceTree = "<group>"; };
		EA546B8A27A57F7B00CA1E56 /* Base */ = {isa = PBXFileReference; lastKnownFileType = file.storyboard; name = Base; path = Base.lproj/LaunchScreen.storyboard; sourceTree = "<group>"; };
		EA546B8C27A57F7B00CA1E56 /* Info.plist */ = {isa = PBXFileReference; lastKnownFileType = text.plist.xml; path = Info.plist; sourceTree = "<group>"; };
		EA546B9127A57F7B00CA1E56 /* GitAppTests.xctest */ = {isa = PBXFileReference; explicitFileType = wrapper.cfbundle; includeInIndex = 0; path = GitAppTests.xctest; sourceTree = BUILT_PRODUCTS_DIR; };
		EA546B9527A57F7B00CA1E56 /* GitAppTests.swift */ = {isa = PBXFileReference; lastKnownFileType = sourcecode.swift; path = GitAppTests.swift; sourceTree = "<group>"; };
		EA546B9B27A57F7B00CA1E56 /* GitAppUITests.xctest */ = {isa = PBXFileReference; explicitFileType = wrapper.cfbundle; includeInIndex = 0; path = GitAppUITests.xctest; sourceTree = BUILT_PRODUCTS_DIR; };
		EA546B9F27A57F7B00CA1E56 /* GitAppUITests.swift */ = {isa = PBXFileReference; lastKnownFileType = sourcecode.swift; path = GitAppUITests.swift; sourceTree = "<group>"; };
		EA546BA127A57F7B00CA1E56 /* GitAppUITestsLaunchTests.swift */ = {isa = PBXFileReference; lastKnownFileType = sourcecode.swift; path = GitAppUITestsLaunchTests.swift; sourceTree = "<group>"; };
/* End PBXFileReference section */

/* Begin PBXFrameworksBuildPhase section */
		EA546B7827A57F7900CA1E56 /* Frameworks */ = {
			isa = PBXFrameworksBuildPhase;
			buildActionMask = 2147483647;
			files = (
			);
			runOnlyForDeploymentPostprocessing = 0;
		};
		EA546B8E27A57F7B00CA1E56 /* Frameworks */ = {
			isa = PBXFrameworksBuildPhase;
			buildActionMask = 2147483647;
			files = (
			);
			runOnlyForDeploymentPostprocessing = 0;
		};
		EA546B9827A57F7B00CA1E56 /* Frameworks */ = {
			isa = PBXFrameworksBuildPhase;
			buildActionMask = 2147483647;
			files = (
			);
			runOnlyForDeploymentPostprocessing = 0;
		};
/* End PBXFrameworksBuildPhase section */

/* Begin PBXGroup section */
		EA546B7227A57F7900CA1E56 = {
			isa = PBXGroup;
			children = (
				EA546B7D27A57F7900CA1E56 /* GitApp */,
				EA546B9427A57F7B00CA1E56 /* GitAppTests */,
				EA546B9E27A57F7B00CA1E56 /* GitAppUITests */,
				EA546B7C27A57F7900CA1E56 /* Products */,
			);
			sourceTree = "<group>";
		};
		EA546B7C27A57F7900CA1E56 /* Products */ = {
			isa = PBXGroup;
			children = (
				EA546B7B27A57F7900CA1E56 /* GitApp.app */,
				EA546B9127A57F7B00CA1E56 /* GitAppTests.xctest */,
				EA546B9B27A57F7B00CA1E56 /* GitAppUITests.xctest */,
			);
			name = Products;
			sourceTree = "<group>";
		};
		EA546B7D27A57F7900CA1E56 /* GitApp */ = {
			isa = PBXGroup;
			children = (
				EA546B7E27A57F7900CA1E56 /* AppDelegate.swift */,
				EA546B8027A57F7900CA1E56 /* SceneDelegate.swift */,
				EA546B8227A57F7900CA1E56 /* ViewController.swift */,
				EA546B8427A57F7900CA1E56 /* Main.storyboard */,
				EA546B8727A57F7B00CA1E56 /* Assets.xcassets */,
				EA546B8927A57F7B00CA1E56 /* LaunchScreen.storyboard */,
				EA546B8C27A57F7B00CA1E56 /* Info.plist */,
			);
			path = GitApp;
			sourceTree = "<group>";
		};
		EA546B9427A57F7B00CA1E56 /* GitAppTests */ = {
			isa = PBXGroup;
			children = (
				EA546B9527A57F7B00CA1E56 /* GitAppTests.swift */,
			);
			path = GitAppTests;
			sourceTree = "<group>";
		};
		EA546B9E27A57F7B00CA1E56 /* GitAppUITests */ = {
			isa = PBXGroup;
			children = (
				EA546B9F27A57F7B00CA1E56 /* GitAppUITests.swift */,
				EA546BA127A57F7B00CA1E56 /* GitAppUITestsLaunchTests.swift */,
			);
			path = GitAppUITests;
			sourceTree = "<group>";
		};
/* End PBXGroup section */

/* Begin PBXNativeTarget section */
		EA546B7A27A57F7900CA1E56 /* GitApp */ = {
			isa = PBXNativeTarget;
			buildConfigurationList = EA546BA527A57F7B00CA1E56 /* Build configuration list for PBXNativeTarget "GitApp" */;
			buildPhases = (
				EA546B7727A57F7900CA1E56 /* Sources */,
				EA546B7827A57F7900CA1E56 /* Frameworks */,
				EA546B7927A57F7900CA1E56 /* Resources */,
			);
			buildRules = (
			);
			dependencies = (
			);
			name = GitApp;
			productName = GitApp;
			productReference = EA546B7B27A57F7900CA1E56 /* GitApp.app */;
			productType = "com.apple.product-type.application";
		};
		EA546B9027A57F7B00CA1E56 /* GitAppTests */ = {
			isa = PBXNativeTarget;
			buildConfigurationList = EA546BA827A57F7B00CA1E56 /* Build configuration list for PBXNativeTarget "GitAppTests" */;
			buildPhases = (
				EA546B8D27A57F7B00CA1E56 /* Sources */,
				EA546B8E27A57F7B00CA1E56 /* Frameworks */,
				EA546B8F27A57F7B00CA1E56 /* Resources */,
			);
			buildRules = (
			);
			dependencies = (
				EA546B9327A57F7B00CA1E56 /* PBXTargetDependency */,
			);
			name = GitAppTests;
			productName = GitAppTests;
			productReference = EA546B9127A57F7B00CA1E56 /* GitAppTests.xctest */;
			productType = "com.apple.product-type.bundle.unit-test";
		};
		EA546B9A27A57F7B00CA1E56 /* GitAppUITests */ = {
			isa = PBXNativeTarget;
			buildConfigurationList = EA546BAB27A57F7B00CA1E56 /* Build configuration list for PBXNativeTarget "GitAppUITests" */;
			buildPhases = (
				EA546B9727A57F7B00CA1E56 /* Sources */,
				EA546B9827A57F7B00CA1E56 /* Frameworks */,
				EA546B9927A57F7B00CA1E56 /* Resources */,
			);
			buildRules = (
			);
			dependencies = (
				EA546B9D27A57F7B00CA1E56 /* PBXTargetDependency */,
			);
			name = GitAppUITests;
			productName = GitAppUITests;
			productReference = EA546B9B27A57F7B00CA1E56 /* GitAppUITests.xctest */;
			productType = "com.apple.product-type.bundle.ui-testing";
		};
/* End PBXNativeTarget section */

/* Begin PBXProject section */
		EA546B7327A57F7900CA1E56 /* Project object */ = {
			isa = PBXProject;
			attributes = {
				BuildIndependentTargetsInParallel = 1;
				LastSwiftUpdateCheck = 1320;
				LastUpgradeCheck = 1320;
				TargetAttributes = {
					EA546B7A27A57F7900CA1E56 = {
						CreatedOnToolsVersion = 13.2.1;
					};
					EA546B9027A57F7B00CA1E56 = {
						CreatedOnToolsVersion = 13.2.1;
						TestTargetID = EA546B7A27A57F7900CA1E56;
					};
					EA546B9A27A57F7B00CA1E56 = {
						CreatedOnToolsVersion = 13.2.1;
						TestTargetID = EA546B7A27A57F7900CA1E56;
					};
				};
			};
			buildConfigurationList = EA546B7627A57F7900CA1E56 /* Build configuration list for PBXProject "GitApp" */;
			compatibilityVersion = "Xcode 13.0";
			developmentRegion = en;
			hasScannedForEncodings = 0;
			knownRegions = (
				en,
				Base,
			);
			mainGroup = EA546B7227A57F7900CA1E56;
			productRefGroup = EA546B7C27A57F7900CA1E56 /* Products */;
			projectDirPath = "";
			projectRoot = "";
			targets = (
				EA546B7A27A57F7900CA1E56 /* GitApp */,
				EA546B9027A57F7B00CA1E56 /* GitAppTests */,
				EA546B9A27A57F7B00CA1E56 /* GitAppUITests */,
			);
		};
/* End PBXProject section */

/* Begin PBXResourcesBuildPhase section */
		EA546B7927A57F7900CA1E56 /* Resources */ = {
			isa = PBXResourcesBuildPhase;
			buildActionMask = 2147483647;
			files = (
				EA546B8B27A57F7B00CA1E56 /* LaunchScreen.storyboard in Resources */,
				EA546B8827A57F7B00CA1E56 /* Assets.xcassets in Resources */,
				EA546B8627A57F7900CA1E56 /* Main.storyboard in Resources */,
			);
			runOnlyForDeploymentPostprocessing = 0;
		};
		EA546B8F27A57F7B00CA1E56 /* Resources */ = {
			isa = PBXResourcesBuildPhase;
			buildActionMask = 2147483647;
			files = (
			);
			runOnlyForDeploymentPostprocessing = 0;
		};
		EA546B9927A57F7B00CA1E56 /* Resources */ = {
			isa = PBXResourcesBuildPhase;
			buildActionMask = 2147483647;
			files = (
			);
			runOnlyForDeploymentPostprocessing = 0;
		};
/* End PBXResourcesBuildPhase section */

/* Begin PBXSourcesBuildPhase section */
		EA546B7727A57F7900CA1E56 /* Sources */ = {
			isa = PBXSourcesBuildPhase;
			buildActionMask = 2147483647;
			files = (
				EA546B8327A57F7900CA1E56 /* ViewController.swift in Sources */,
				EA546B7F27A57F7900CA1E56 /* AppDelegate.swift in Sources */,
				EA546B8127A57F7900CA1E56 /* SceneDelegate.swift in Sources */,
			);
			runOnlyForDeploymentPostprocessing = 0;
		};
		EA546B8D27A57F7B00CA1E56 /* Sources */ = {
			isa = PBXSourcesBuildPhase;
			buildActionMask = 2147483647;
			files = (
				EA546B9627A57F7B00CA1E56 /* GitAppTests.swift in Sources */,
			);
			runOnlyForDeploymentPostprocessing = 0;
		};
		EA546B9727A57F7B00CA1E56 /* Sources */ = {
			isa = PBXSourcesBuildPhase;
			buildActionMask = 2147483647;
			files = (
				EA546BA027A57F7B00CA1E56 /* GitAppUITests.swift in Sources */,
				EA546BA227A57F7B00CA1E56 /* GitAppUITestsLaunchTests.swift in Sources */,
			);
			runOnlyForDeploymentPostprocessing = 0;
		};
/* End PBXSourcesBuildPhase section */

/* Begin PBXTargetDependency section */
		EA546B9327A57F7B00CA1E56 /* PBXTargetDependency */ = {
			isa = PBXTargetDependency;
			target = EA546B7A27A57F7900CA1E56 /* GitApp */;
			targetProxy = EA546B9227A57F7B00CA1E56 /* PBXContainerItemProxy */;
		};
		EA546B9D27A57F7B00CA1E56 /* PBXTargetDependency */ = {
			isa = PBXTargetDependency;
			target = EA546B7A27A57F7900CA1E56 /* GitApp */;
			targetProxy = EA546B9C27A57F7B00CA1E56 /* PBXContainerItemProxy */;
		};
/* End PBXTargetDependency section */

/* Begin PBXVariantGroup section */
		EA546B8427A57F7900CA1E56 /* Main.storyboard */ = {
			isa = PBXVariantGroup;
			children = (
				EA546B8527A57F7900CA1E56 /* Base */,
			);
			name = Main.storyboard;
			sourceTree = "<group>";
		};
		EA546B8927A57F7B00CA1E56 /* LaunchScreen.storyboard */ = {
			isa = PBXVariantGroup;
			children = (
				EA546B8A27A57F7B00CA1E56 /* Base */,
			);
			name = LaunchScreen.storyboard;
			sourceTree = "<group>";
		};
/* End PBXVariantGroup section */

/* Begin XCBuildConfiguration section */
		EA546BA327A57F7B00CA1E56 /* Debug */ = {
			isa = XCBuildConfiguration;
			buildSettings = {
				ALWAYS_SEARCH_USER_PATHS = NO;
				CLANG_ANALYZER_NONNULL = YES;
				CLANG_ANALYZER_NUMBER_OBJECT_CONVERSION = YES_AGGRESSIVE;
				CLANG_CXX_LANGUAGE_STANDARD = "gnu++17";
				CLANG_CXX_LIBRARY = "libc++";
				CLANG_ENABLE_MODULES = YES;
				CLANG_ENABLE_OBJC_ARC = YES;
				CLANG_ENABLE_OBJC_WEAK = YES;
				CLANG_WARN_BLOCK_CAPTURE_AUTORELEASING = YES;
				CLANG_WARN_BOOL_CONVERSION = YES;
				CLANG_WARN_COMMA = YES;
				CLANG_WARN_CONSTANT_CONVERSION = YES;
				CLANG_WARN_DEPRECATED_OBJC_IMPLEMENTATIONS = YES;
				CLANG_WARN_DIRECT_OBJC_ISA_USAGE = YES_ERROR;
				CLANG_WARN_DOCUMENTATION_COMMENTS = YES;
				CLANG_WARN_EMPTY_BODY = YES;
				CLANG_WARN_ENUM_CONVERSION = YES;
				CLANG_WARN_INFINITE_RECURSION = YES;
				CLANG_WARN_INT_CONVERSION = YES;
				CLANG_WARN_NON_LITERAL_NULL_CONVERSION = YES;
				CLANG_WARN_OBJC_IMPLICIT_RETAIN_SELF = YES;
				CLANG_WARN_OBJC_LITERAL_CONVERSION = YES;
				CLANG_WARN_OBJC_ROOT_CLASS = YES_ERROR;
				CLANG_WARN_QUOTED_INCLUDE_IN_FRAMEWORK_HEADER = YES;
				CLANG_WARN_RANGE_LOOP_ANALYSIS = YES;
				CLANG_WARN_STRICT_PROTOTYPES = YES;
				CLANG_WARN_SUSPICIOUS_MOVE = YES;
				CLANG_WARN_UNGUARDED_AVAILABILITY = YES_AGGRESSIVE;
				CLANG_WARN_UNREACHABLE_CODE = YES;
				CLANG_WARN__DUPLICATE_METHOD_MATCH = YES;
				COPY_PHASE_STRIP = NO;
				DEBUG_INFORMATION_FORMAT = dwarf;
				ENABLE_STRICT_OBJC_MSGSEND = YES;
				ENABLE_TESTABILITY = YES;
				GCC_C_LANGUAGE_STANDARD = gnu11;
				GCC_DYNAMIC_NO_PIC = NO;
				GCC_NO_COMMON_BLOCKS = YES;
				GCC_OPTIMIZATION_LEVEL = 0;
				GCC_PREPROCESSOR_DEFINITIONS = (
					"DEBUG=1",
					"$(inherited)",
				);
				GCC_WARN_64_TO_32_BIT_CONVERSION = YES;
				GCC_WARN_ABOUT_RETURN_TYPE = YES_ERROR;
				GCC_WARN_UNDECLARED_SELECTOR = YES;
				GCC_WARN_UNINITIALIZED_AUTOS = YES_AGGRESSIVE;
				GCC_WARN_UNUSED_FUNCTION = YES;
				GCC_WARN_UNUSED_VARIABLE = YES;
				IPHONEOS_DEPLOYMENT_TARGET = 15.2;
				MTL_ENABLE_DEBUG_INFO = INCLUDE_SOURCE;
				MTL_FAST_MATH = YES;
				ONLY_ACTIVE_ARCH = YES;
				SDKROOT = iphoneos;
				SWIFT_ACTIVE_COMPILATION_CONDITIONS = DEBUG;
				SWIFT_OPTIMIZATION_LEVEL = "-Onone";
			};
			name = Debug;
		};
		EA546BA427A57F7B00CA1E56 /* Release */ = {
			isa = XCBuildConfiguration;
			buildSettings = {
				ALWAYS_SEARCH_USER_PATHS = NO;
				CLANG_ANALYZER_NONNULL = YES;
				CLANG_ANALYZER_NUMBER_OBJECT_CONVERSION = YES_AGGRESSIVE;
				CLANG_CXX_LANGUAGE_STANDARD = "gnu++17";
				CLANG_CXX_LIBRARY = "libc++";
				CLANG_ENABLE_MODULES = YES;
				CLANG_ENABLE_OBJC_ARC = YES;
				CLANG_ENABLE_OBJC_WEAK = YES;
				CLANG_WARN_BLOCK_CAPTURE_AUTORELEASING = YES;
				CLANG_WARN_BOOL_CONVERSION = YES;
				CLANG_WARN_COMMA = YES;
				CLANG_WARN_CONSTANT_CONVERSION = YES;
				CLANG_WARN_DEPRECATED_OBJC_IMPLEMENTATIONS = YES;
				CLANG_WARN_DIRECT_OBJC_ISA_USAGE = YES_ERROR;
				CLANG_WARN_DOCUMENTATION_COMMENTS = YES;
				CLANG_WARN_EMPTY_BODY = YES;
				CLANG_WARN_ENUM_CONVERSION = YES;
				CLANG_WARN_INFINITE_RECURSION = YES;
				CLANG_WARN_INT_CONVERSION = YES;
				CLANG_WARN_NON_LITERAL_NULL_CONVERSION = YES;
				CLANG_WARN_OBJC_IMPLICIT_RETAIN_SELF = YES;
				CLANG_WARN_OBJC_LITERAL_CONVERSION = YES;
				CLANG_WARN_OBJC_ROOT_CLASS = YES_ERROR;
				CLANG_WARN_QUOTED_INCLUDE_IN_FRAMEWORK_HEADER = YES;
				CLANG_WARN_RANGE_LOOP_ANALYSIS = YES;
				CLANG_WARN_STRICT_PROTOTYPES = YES;
				CLANG_WARN_SUSPICIOUS_MOVE = YES;
				CLANG_WARN_UNGUARDED_AVAILABILITY = YES_AGGRESSIVE;
				CLANG_WARN_UNREACHABLE_CODE = YES;
				CLANG_WARN__DUPLICATE_METHOD_MATCH = YES;
				COPY_PHASE_STRIP = NO;
				DEBUG_INFORMATION_FORMAT = "dwarf-with-dsym";
				ENABLE_NS_ASSERTIONS = NO;
				ENABLE_STRICT_OBJC_MSGSEND = YES;
				GCC_C_LANGUAGE_STANDARD = gnu11;
				GCC_NO_COMMON_BLOCKS = YES;
				GCC_WARN_64_TO_32_BIT_CONVERSION = YES;
				GCC_WARN_ABOUT_RETURN_TYPE = YES_ERROR;
				GCC_WARN_UNDECLARED_SELECTOR = YES;
				GCC_WARN_UNINITIALIZED_AUTOS = YES_AGGRESSIVE;
				GCC_WARN_UNUSED_FUNCTION = YES;
				GCC_WARN_UNUSED_VARIABLE = YES;
				IPHONEOS_DEPLOYMENT_TARGET = 15.2;
				MTL_ENABLE_DEBUG_INFO = NO;
				MTL_FAST_MATH = YES;
				SDKROOT = iphoneos;
				SWIFT_COMPILATION_MODE = wholemodule;
				SWIFT_OPTIMIZATION_LEVEL = "-O";
				VALIDATE_PRODUCT = YES;
			};
			name = Release;
		};
		EA546BA627A57F7B00CA1E56 /* Debug */ = {
			isa = XCBuildConfiguration;
			buildSettings = {
				ASSETCATALOG_COMPILER_APPICON_NAME = AppIcon;
				ASSETCATALOG_COMPILER_GLOBAL_ACCENT_COLOR_NAME = AccentColor;
				CODE_SIGN_STYLE = Automatic;
				CURRENT_PROJECT_VERSION = 1;
				DEVELOPMENT_TEAM = GS76YZPUCR;
				GENERATE_INFOPLIST_FILE = YES;
				INFOPLIST_FILE = GitApp/Info.plist;
				INFOPLIST_KEY_UIApplicationSupportsIndirectInputEvents = YES;
				INFOPLIST_KEY_UILaunchStoryboardName = LaunchScreen;
				INFOPLIST_KEY_UIMainStoryboardFile = Main;
				INFOPLIST_KEY_UISupportedInterfaceOrientations_iPad = "UIInterfaceOrientationPortrait UIInterfaceOrientationPortraitUpsideDown UIInterfaceOrientationLandscapeLeft UIInterfaceOrientationLandscapeRight";
				INFOPLIST_KEY_UISupportedInterfaceOrientations_iPhone = "UIInterfaceOrientationPortrait UIInterfaceOrientationLandscapeLeft UIInterfaceOrientationLandscapeRight";
				LD_RUNPATH_SEARCH_PATHS = (
					"$(inherited)",
					"@executable_path/Frameworks",
				);
				MARKETING_VERSION = 1.0;
				PRODUCT_BUNDLE_IDENTIFIER = NF.GitApp;
				PRODUCT_NAME = "$(TARGET_NAME)";
				SWIFT_EMIT_LOC_STRINGS = YES;
				SWIFT_VERSION = 5.0;
				TARGETED_DEVICE_FAMILY = "1,2";
			};
			name = Debug;
		};
		EA546BA727A57F7B00CA1E56 /* Release */ = {
			isa = XCBuildConfiguration;
			buildSettings = {
				ASSETCATALOG_COMPILER_APPICON_NAME = AppIcon;
				ASSETCATALOG_COMPILER_GLOBAL_ACCENT_COLOR_NAME = AccentColor;
				CODE_SIGN_STYLE = Automatic;
				CURRENT_PROJECT_VERSION = 1;
				DEVELOPMENT_TEAM = GS76YZPUCR;
				GENERATE_INFOPLIST_FILE = YES;
				INFOPLIST_FILE = GitApp/Info.plist;
				INFOPLIST_KEY_UIApplicationSupportsIndirectInputEvents = YES;
				INFOPLIST_KEY_UILaunchStoryboardName = LaunchScreen;
				INFOPLIST_KEY_UIMainStoryboardFile = Main;
				INFOPLIST_KEY_UISupportedInterfaceOrientations_iPad = "UIInterfaceOrientationPortrait UIInterfaceOrientationPortraitUpsideDown UIInterfaceOrientationLandscapeLeft UIInterfaceOrientationLandscapeRight";
				INFOPLIST_KEY_UISupportedInterfaceOrientations_iPhone = "UIInterfaceOrientationPortrait UIInterfaceOrientationLandscapeLeft UIInterfaceOrientationLandscapeRight";
				LD_RUNPATH_SEARCH_PATHS = (
					"$(inherited)",
					"@executable_path/Frameworks",
				);
				MARKETING_VERSION = 1.0;
				PRODUCT_BUNDLE_IDENTIFIER = NF.GitApp;
				PRODUCT_NAME = "$(TARGET_NAME)";
				SWIFT_EMIT_LOC_STRINGS = YES;
				SWIFT_VERSION = 5.0;
				TARGETED_DEVICE_FAMILY = "1,2";
			};
			name = Release;
		};
		EA546BA927A57F7B00CA1E56 /* Debug */ = {
			isa = XCBuildConfiguration;
			buildSettings = {
				ALWAYS_EMBED_SWIFT_STANDARD_LIBRARIES = YES;
				BUNDLE_LOADER = "$(TEST_HOST)";
				CODE_SIGN_STYLE = Automatic;
				CURRENT_PROJECT_VERSION = 1;
				DEVELOPMENT_TEAM = GS76YZPUCR;
				GENERATE_INFOPLIST_FILE = YES;
				IPHONEOS_DEPLOYMENT_TARGET = 15.2;
				MARKETING_VERSION = 1.0;
				PRODUCT_BUNDLE_IDENTIFIER = NF.GitAppTests;
				PRODUCT_NAME = "$(TARGET_NAME)";
				SWIFT_EMIT_LOC_STRINGS = NO;
				SWIFT_VERSION = 5.0;
				TARGETED_DEVICE_FAMILY = "1,2";
				TEST_HOST = "$(BUILT_PRODUCTS_DIR)/GitApp.app/GitApp";
			};
			name = Debug;
		};
		EA546BAA27A57F7B00CA1E56 /* Release */ = {
			isa = XCBuildConfiguration;
			buildSettings = {
				ALWAYS_EMBED_SWIFT_STANDARD_LIBRARIES = YES;
				BUNDLE_LOADER = "$(TEST_HOST)";
				CODE_SIGN_STYLE = Automatic;
				CURRENT_PROJECT_VERSION = 1;
				DEVELOPMENT_TEAM = GS76YZPUCR;
				GENERATE_INFOPLIST_FILE = YES;
				IPHONEOS_DEPLOYMENT_TARGET = 15.2;
				MARKETING_VERSION = 1.0;
				PRODUCT_BUNDLE_IDENTIFIER = NF.GitAppTests;
				PRODUCT_NAME = "$(TARGET_NAME)";
				SWIFT_EMIT_LOC_STRINGS = NO;
				SWIFT_VERSION = 5.0;
				TARGETED_DEVICE_FAMILY = "1,2";
				TEST_HOST = "$(BUILT_PRODUCTS_DIR)/GitApp.app/GitApp";
			};
			name = Release;
		};
		EA546BAC27A57F7B00CA1E56 /* Debug */ = {
			isa = XCBuildConfiguration;
			buildSettings = {
				ALWAYS_EMBED_SWIFT_STANDARD_LIBRARIES = YES;
				CODE_SIGN_STYLE = Automatic;
				CURRENT_PROJECT_VERSION = 1;
				DEVELOPMENT_TEAM = GS76YZPUCR;
				GENERATE_INFOPLIST_FILE = YES;
				MARKETING_VERSION = 1.0;
				PRODUCT_BUNDLE_IDENTIFIER = NF.GitAppUITests;
				PRODUCT_NAME = "$(TARGET_NAME)";
				SWIFT_EMIT_LOC_STRINGS = NO;
				SWIFT_VERSION = 5.0;
				TARGETED_DEVICE_FAMILY = "1,2";
				TEST_TARGET_NAME = GitApp;
			};
			name = Debug;
		};
		EA546BAD27A57F7B00CA1E56 /* Release */ = {
			isa = XCBuildConfiguration;
			buildSettings = {
				ALWAYS_EMBED_SWIFT_STANDARD_LIBRARIES = YES;
				CODE_SIGN_STYLE = Automatic;
				CURRENT_PROJECT_VERSION = 1;
				DEVELOPMENT_TEAM = GS76YZPUCR;
				GENERATE_INFOPLIST_FILE = YES;
				MARKETING_VERSION = 1.0;
				PRODUCT_BUNDLE_IDENTIFIER = NF.GitAppUITests;
				PRODUCT_NAME = "$(TARGET_NAME)";
				SWIFT_EMIT_LOC_STRINGS = NO;
				SWIFT_VERSION = 5.0;
				TARGETED_DEVICE_FAMILY = "1,2";
				TEST_TARGET_NAME = GitApp;
			};
			name = Release;
		};
/* End XCBuildConfiguration section */

/* Begin XCConfigurationList section */
		EA546B7627A57F7900CA1E56 /* Build configuration list for PBXProject "GitApp" */ = {
			isa = XCConfigurationList;
			buildConfigurations = (
				EA546BA327A57F7B00CA1E56 /* Debug */,
				EA546BA427A57F7B00CA1E56 /* Release */,
			);
			defaultConfigurationIsVisible = 0;
			defaultConfigurationName = Release;
		};
		EA546BA527A57F7B00CA1E56 /* Build configuration list for PBXNativeTarget "GitApp" */ = {
			isa = XCConfigurationList;
			buildConfigurations = (
				EA546BA627A57F7B00CA1E56 /* Debug */,
				EA546BA727A57F7B00CA1E56 /* Release */,
			);
			defaultConfigurationIsVisible = 0;
			defaultConfigurationName = Release;
		};
		EA546BA827A57F7B00CA1E56 /* Build configuration list for PBXNativeTarget "GitAppTests" */ = {
			isa = XCConfigurationList;
			buildConfigurations = (
				EA546BA927A57F7B00CA1E56 /* Debug */,
				EA546BAA27A57F7B00CA1E56 /* Release */,
			);
			defaultConfigurationIsVisible = 0;
			defaultConfigurationName = Release;
		};
		EA546BAB27A57F7B00CA1E56 /* Build configuration list for PBXNativeTarget "GitAppUITests" */ = {
			isa = XCConfigurationList;
			buildConfigurations = (
				EA546BAC27A57F7B00CA1E56 /* Debug */,
				EA546BAD27A57F7B00CA1E56 /* Release */,
			);
			defaultConfigurationIsVisible = 0;
			defaultConfigurationName = Release;
		};
/* End XCConfigurationList section */
	};
	rootObject = EA546B7327A57F7900CA1E56 /* Project object */;
}
